
Microsoft Visual Studio Solution File, Format Version 12.00
# Visual Studio 2013
VisualStudioVersion = 12.0.40629.0
MinimumVisualStudioVersion = 10.0.40219.1
Project("{FAE04EC0-301F-11D3-BF4B-00C04F79EFBC}") = "TextParserMvc", "TextParserMvc\TextParserMvc.csproj", "{36DB45EC-4A31-48B4-8665-6B43908E9712}"
EndProject
Project("{FAE04EC0-301F-11D3-BF4B-00C04F79EFBC}") = "TextParserMvc.Tests", "TextParserMvc.Tests\TextParserMvc.Tests.csproj", "{A6373222-A5AA-40BA-9DDF-C13AB9CFEED4}"
EndProject
Global
	GlobalSection(SolutionConfigurationPlatforms) = preSolution
		Debug|Any CPU = Debug|Any CPU
		Release|Any CPU = Release|Any CPU
	EndGlobalSection
	GlobalSection(ProjectConfigurationPlatforms) = postSolution
		{36DB45EC-4A31-48B4-8665-6B43908E9712}.Debug|Any CPU.ActiveCfg = Debug|Any CPU
		{36DB45EC-4A31-48B4-8665-6B43908E9712}.Debug|Any CPU.Build.0 = Debug|Any CPU
		{36DB45EC-4A31-48B4-8665-6B43908E9712}.Release|Any CPU.ActiveCfg = Release|Any CPU
		{36DB45EC-4A31-48B4-8665-6B43908E9712}.Release|Any CPU.Build.0 = Release|Any CPU
		{A6373222-A5AA-40BA-9DDF-C13AB9CFEED4}.Debug|Any CPU.ActiveCfg = Debug|Any CPU
		{A6373222-A5AA-40BA-9DDF-C13AB9CFEED4}.Debug|Any CPU.Build.0 = Debug|Any CPU
		{A6373222-A5AA-40BA-9DDF-C13AB9CFEED4}.Release|Any CPU.ActiveCfg = Release|Any CPU
		{A6373222-A5AA-40BA-9DDF-C13AB9CFEED4}.Release|Any CPU.Build.0 = Release|Any CPU
	EndGlobalSection
	GlobalSection(SolutionProperties) = preSolution
		HideSolutionNode = FALSE
	EndGlobalSection
EndGlobal
